
Microsoft Visual Studio Solution File, Format Version 12.00
# Visual Studio Version 17
VisualStudioVersion = 17.0.31521.260
MinimumVisualStudioVersion = 10.0.40219.1
Project("{8BC9CEB8-8B4A-11D0-8D11-00A0C91BC942}") = "Sandbox", "Sandbox\Sandbox.vcxproj", "{3A7DF605-CB1A-4A67-B860-3C655B814747}"
EndProject
Project("{8BC9CEB8-8B4A-11D0-8D11-00A0C91BC942}") = "kev-engine", "kev-engine\kev-engine.vcxproj", "{998297C0-0B0A-4578-8D6F-93DE6908A00A}"
EndProject
Global
	GlobalSection(SolutionConfigurationPlatforms) = preSolution
		Debug|x64 = Debug|x64
		Release|x64 = Release|x64
	EndGlobalSection
	GlobalSection(ProjectConfigurationPlatforms) = postSolution
		{3A7DF605-CB1A-4A67-B860-3C655B814747}.Debug|x64.ActiveCfg = Debug|x64
		{3A7DF605-CB1A-4A67-B860-3C655B814747}.Debug|x64.Build.0 = Debug|x64
		{3A7DF605-CB1A-4A67-B860-3C655B814747}.Release|x64.ActiveCfg = Release|x64
		{3A7DF605-CB1A-4A67-B860-3C655B814747}.Release|x64.Build.0 = Release|x64
		{998297C0-0B0A-4578-8D6F-93DE6908A00A}.Debug|x64.ActiveCfg = Debug|x64
		{998297C0-0B0A-4578-8D6F-93DE6908A00A}.Debug|x64.Build.0 = Debug|x64
		{998297C0-0B0A-4578-8D6F-93DE6908A00A}.Release|x64.ActiveCfg = Release|x64
		{998297C0-0B0A-4578-8D6F-93DE6908A00A}.Release|x64.Build.0 = Release|x64
	EndGlobalSection
	GlobalSection(SolutionProperties) = preSolution
		HideSolutionNode = FALSE
	EndGlobalSection
	GlobalSection(ExtensibilityGlobals) = postSolution
		SolutionGuid = {AF74AB18-245D-46D2-97D9-9BBC5A09019D}
	EndGlobalSection
EndGlobal
